
Microsoft Visual Studio Solution File, Format Version 12.00
# Visual Studio Version 17
VisualStudioVersion = 17.7.34009.444
MinimumVisualStudioVersion = 10.0.40219.1
Project("{FAE04EC0-301F-11D3-BF4B-00C04F79EFBC}") = "app37_interface2", "app37_interface2\app37_interface2.csproj", "{F53FF181-BF6C-4295-9D1D-DBF0E6C79244}"
EndProject
Global
	GlobalSection(SolutionConfigurationPlatforms) = preSolution
		Debug|Any CPU = Debug|Any CPU
		Release|Any CPU = Release|Any CPU
	EndGlobalSection
	GlobalSection(ProjectConfigurationPlatforms) = postSolution
		{F53FF181-BF6C-4295-9D1D-DBF0E6C79244}.Debug|Any CPU.ActiveCfg = Debug|Any CPU
		{F53FF181-BF6C-4295-9D1D-DBF0E6C79244}.Debug|Any CPU.Build.0 = Debug|Any CPU
		{F53FF181-BF6C-4295-9D1D-DBF0E6C79244}.Release|Any CPU.ActiveCfg = Release|Any CPU
		{F53FF181-BF6C-4295-9D1D-DBF0E6C79244}.Release|Any CPU.Build.0 = Release|Any CPU
	EndGlobalSection
	GlobalSection(SolutionProperties) = preSolution
		HideSolutionNode = FALSE
	EndGlobalSection
	GlobalSection(ExtensibilityGlobals) = postSolution
		SolutionGuid = {2D59439D-B433-4C53-86C4-E4C5B8C6E8B2}
	EndGlobalSection
EndGlobal
